
Microsoft Visual Studio Solution File, Format Version 12.00
# Visual Studio Version 17
VisualStudioVersion = 17.6.33829.357
MinimumVisualStudioVersion = 10.0.40219.1
Project("{FAE04EC0-301F-11D3-BF4B-00C04F79EFBC}") = "KeyCreck", "KeyCreck\KeyCreck.csproj", "{F3FD7918-3131-4E20-868A-42B574337A64}"
EndProject
Global
	GlobalSection(SolutionConfigurationPlatforms) = preSolution
		Debug|Any CPU = Debug|Any CPU
		Release|Any CPU = Release|Any CPU
	EndGlobalSection
	GlobalSection(ProjectConfigurationPlatforms) = postSolution
		{F3FD7918-3131-4E20-868A-42B574337A64}.Debug|Any CPU.ActiveCfg = Debug|Any CPU
		{F3FD7918-3131-4E20-868A-42B574337A64}.Debug|Any CPU.Build.0 = Debug|Any CPU
		{F3FD7918-3131-4E20-868A-42B574337A64}.Release|Any CPU.ActiveCfg = Release|Any CPU
		{F3FD7918-3131-4E20-868A-42B574337A64}.Release|Any CPU.Build.0 = Release|Any CPU
	EndGlobalSection
	GlobalSection(SolutionProperties) = preSolution
		HideSolutionNode = FALSE
	EndGlobalSection
	GlobalSection(ExtensibilityGlobals) = postSolution
		SolutionGuid = {39C1DF9D-42A3-40AE-B749-FCA40D086FA1}
	EndGlobalSection
EndGlobal
